
Microsoft Visual Studio Solution File, Format Version 12.00
# Visual Studio Version 17
VisualStudioVersion = 17.1.32421.90
MinimumVisualStudioVersion = 10.0.40219.1
Project("{FAE04EC0-301F-11D3-BF4B-00C04F79EFBC}") = "StarterAPI", "StarterAPI\StarterAPI.csproj", "{767A6A6A-759C-4464-830D-0A58021CA226}"
EndProject
Global
	GlobalSection(SolutionConfigurationPlatforms) = preSolution
		Debug|Any CPU = Debug|Any CPU
		Release|Any CPU = Release|Any CPU
	EndGlobalSection
	GlobalSection(ProjectConfigurationPlatforms) = postSolution
		{767A6A6A-759C-4464-830D-0A58021CA226}.Debug|Any CPU.ActiveCfg = Debug|Any CPU
		{767A6A6A-759C-4464-830D-0A58021CA226}.Debug|Any CPU.Build.0 = Debug|Any CPU
		{767A6A6A-759C-4464-830D-0A58021CA226}.Release|Any CPU.ActiveCfg = Release|Any CPU
		{767A6A6A-759C-4464-830D-0A58021CA226}.Release|Any CPU.Build.0 = Release|Any CPU
	EndGlobalSection
	GlobalSection(SolutionProperties) = preSolution
		HideSolutionNode = FALSE
	EndGlobalSection
	GlobalSection(ExtensibilityGlobals) = postSolution
		SolutionGuid = {77733E87-6AF5-45D1-995C-5DA9E47C4018}
	EndGlobalSection
EndGlobal
